// !$*UTF8*$!
{
	archiveVersion = 1;
	classes = {
	};
	objectVersion = 55;
	objects = {

/* Begin PBXBuildFile section */
		1D445D4D2803618E00F5A676 /* LoginViewController.swift in Sources */ = {isa = PBXBuildFile; fileRef = 1D445D4C2803618E00F5A676 /* LoginViewController.swift */; };
		1D445D4F28038ECC00F5A676 /* Safe Area in Resources */ = {isa = PBXBuildFile; fileRef = 1D445D4E28038ECC00F5A676 /* Safe Area */; };
		1D8BE7EF28021CF600EAA101 /* API.json in Resources */ = {isa = PBXBuildFile; fileRef = 1D8BE7EE28021CF600EAA101 /* API.json */; };
		1D8BE7F128021EDC00EAA101 /* NewYorkNews.swift in Sources */ = {isa = PBXBuildFile; fileRef = 1D8BE7F028021EDC00EAA101 /* NewYorkNews.swift */; };
		1D8BE7F428022E5300EAA101 /* NewYorkTableViewCell.swift in Sources */ = {isa = PBXBuildFile; fileRef = 1D8BE7F328022E5300EAA101 /* NewYorkTableViewCell.swift */; };
		1DE6AF082800B503009BF0C0 /* AppDelegate.swift in Sources */ = {isa = PBXBuildFile; fileRef = 1DE6AF072800B503009BF0C0 /* AppDelegate.swift */; };
		1DE6AF0A2800B503009BF0C0 /* SceneDelegate.swift in Sources */ = {isa = PBXBuildFile; fileRef = 1DE6AF092800B503009BF0C0 /* SceneDelegate.swift */; };
		1DE6AF0C2800B503009BF0C0 /* MainTableViewController.swift in Sources */ = {isa = PBXBuildFile; fileRef = 1DE6AF0B2800B503009BF0C0 /* MainTableViewController.swift */; };
		1DE6AF0F2800B503009BF0C0 /* Main.storyboard in Resources */ = {isa = PBXBuildFile; fileRef = 1DE6AF0D2800B503009BF0C0 /* Main.storyboard */; };
		1DE6AF112800B505009BF0C0 /* Assets.xcassets in Resources */ = {isa = PBXBuildFile; fileRef = 1DE6AF102800B505009BF0C0 /* Assets.xcassets */; };
		1DE6AF142800B505009BF0C0 /* LaunchScreen.storyboard in Resources */ = {isa = PBXBuildFile; fileRef = 1DE6AF122800B505009BF0C0 /* LaunchScreen.storyboard */; };
/* End PBXBuildFile section */

/* Begin PBXFileReference section */
		1D445D4C2803618E00F5A676 /* LoginViewController.swift */ = {isa = PBXFileReference; lastKnownFileType = sourcecode.swift; path = LoginViewController.swift; sourceTree = "<group>"; };
		1D445D4E28038ECC00F5A676 /* Safe Area */ = {isa = PBXFileReference; lastKnownFileType = text; path = "Safe Area"; sourceTree = "<group>"; };
		1D8BE7EE28021CF600EAA101 /* API.json */ = {isa = PBXFileReference; lastKnownFileType = text.json; path = API.json; sourceTree = "<group>"; };
		1D8BE7F028021EDC00EAA101 /* NewYorkNews.swift */ = {isa = PBXFileReference; lastKnownFileType = sourcecode.swift; path = NewYorkNews.swift; sourceTree = "<group>"; };
		1D8BE7F328022E5300EAA101 /* NewYorkTableViewCell.swift */ = {isa = PBXFileReference; lastKnownFileType = sourcecode.swift; path = NewYorkTableViewCell.swift; sourceTree = "<group>"; };
		1DE6AF042800B503009BF0C0 /* Exercício 14.app */ = {isa = PBXFileReference; explicitFileType = wrapper.application; includeInIndex = 0; path = "Exercício 14.app"; sourceTree = BUILT_PRODUCTS_DIR; };
		1DE6AF072800B503009BF0C0 /* AppDelegate.swift */ = {isa = PBXFileReference; lastKnownFileType = sourcecode.swift; path = AppDelegate.swift; sourceTree = "<group>"; };
		1DE6AF092800B503009BF0C0 /* SceneDelegate.swift */ = {isa = PBXFileReference; lastKnownFileType = sourcecode.swift; path = SceneDelegate.swift; sourceTree = "<group>"; };
		1DE6AF0B2800B503009BF0C0 /* MainTableViewController.swift */ = {isa = PBXFileReference; lastKnownFileType = sourcecode.swift; path = MainTableViewController.swift; sourceTree = "<group>"; };
		1DE6AF0E2800B503009BF0C0 /* Base */ = {isa = PBXFileReference; lastKnownFileType = file.storyboard; name = Base; path = Base.lproj/Main.storyboard; sourceTree = "<group>"; };
		1DE6AF102800B505009BF0C0 /* Assets.xcassets */ = {isa = PBXFileReference; lastKnownFileType = folder.assetcatalog; path = Assets.xcassets; sourceTree = "<group>"; };
		1DE6AF132800B505009BF0C0 /* Base */ = {isa = PBXFileReference; lastKnownFileType = file.storyboard; name = Base; path = Base.lproj/LaunchScreen.storyboard; sourceTree = "<group>"; };
		1DE6AF152800B505009BF0C0 /* Info.plist */ = {isa = PBXFileReference; lastKnownFileType = text.plist.xml; path = Info.plist; sourceTree = "<group>"; };
/* End PBXFileReference section */

/* Begin PBXFrameworksBuildPhase section */
		1DE6AF012800B503009BF0C0 /* Frameworks */ = {
			isa = PBXFrameworksBuildPhase;
			buildActionMask = 2147483647;
			files = (
			);
			runOnlyForDeploymentPostprocessing = 0;
		};
/* End PBXFrameworksBuildPhase section */

/* Begin PBXGroup section */
		1D445D4A2803612900F5A676 /* View */ = {
			isa = PBXGroup;
			children = (
				1DE6AF122800B505009BF0C0 /* LaunchScreen.storyboard */,
				1DE6AF0D2800B503009BF0C0 /* Main.storyboard */,
				1D8BE7F328022E5300EAA101 /* NewYorkTableViewCell.swift */,
			);
			path = View;
			sourceTree = "<group>";
		};
		1D445D4B2803615C00F5A676 /* Controller */ = {
			isa = PBXGroup;
			children = (
				1DE6AF072800B503009BF0C0 /* AppDelegate.swift */,
				1DE6AF092800B503009BF0C0 /* SceneDelegate.swift */,
				1DE6AF0B2800B503009BF0C0 /* MainTableViewController.swift */,
				1D445D4C2803618E00F5A676 /* LoginViewController.swift */,
			);
			path = Controller;
			sourceTree = "<group>";
		};
		1D62F7E32803610100E97143 /* Model */ = {
			isa = PBXGroup;
			children = (
				1D8BE7EE28021CF600EAA101 /* API.json */,
				1D8BE7F028021EDC00EAA101 /* NewYorkNews.swift */,
			);
			path = Model;
			sourceTree = "<group>";
		};
		1DE6AEFB2800B503009BF0C0 = {
			isa = PBXGroup;
			children = (
				1DE6AF062800B503009BF0C0 /* Exercício 14 */,
				1DE6AF052800B503009BF0C0 /* Products */,
			);
			sourceTree = "<group>";
		};
		1DE6AF052800B503009BF0C0 /* Products */ = {
			isa = PBXGroup;
			children = (
				1DE6AF042800B503009BF0C0 /* Exercício 14.app */,
			);
			name = Products;
			sourceTree = "<group>";
		};
		1DE6AF062800B503009BF0C0 /* Exercício 14 */ = {
			isa = PBXGroup;
			children = (
				1D445D4B2803615C00F5A676 /* Controller */,
				1D445D4A2803612900F5A676 /* View */,
				1D62F7E32803610100E97143 /* Model */,
				1DE6AF102800B505009BF0C0 /* Assets.xcassets */,
				1D445D4E28038ECC00F5A676 /* Safe Area */,
				1DE6AF152800B505009BF0C0 /* Info.plist */,
			);
			path = "Exercício 14";
			sourceTree = "<group>";
		};
/* End PBXGroup section */

/* Begin PBXNativeTarget section */
		1DE6AF032800B503009BF0C0 /* Exercício 14 */ = {
			isa = PBXNativeTarget;
			buildConfigurationList = 1DE6AF182800B505009BF0C0 /* Build configuration list for PBXNativeTarget "Exercício 14" */;
			buildPhases = (
				1DE6AF002800B503009BF0C0 /* Sources */,
				1DE6AF012800B503009BF0C0 /* Frameworks */,
				1DE6AF022800B503009BF0C0 /* Resources */,
			);
			buildRules = (
			);
			dependencies = (
			);
			name = "Exercício 14";
			productName = "Exercício 14";
			productReference = 1DE6AF042800B503009BF0C0 /* Exercício 14.app */;
			productType = "com.apple.product-type.application";
		};
/* End PBXNativeTarget section */

/* Begin PBXProject section */
		1DE6AEFC2800B503009BF0C0 /* Project object */ = {
			isa = PBXProject;
			attributes = {
				BuildIndependentTargetsInParallel = 1;
				LastSwiftUpdateCheck = 1330;
				LastUpgradeCheck = 1330;
				TargetAttributes = {
					1DE6AF032800B503009BF0C0 = {
						CreatedOnToolsVersion = 13.3;
					};
				};
			};
			buildConfigurationList = 1DE6AEFF2800B503009BF0C0 /* Build configuration list for PBXProject "Exercício 14" */;
			compatibilityVersion = "Xcode 13.0";
			developmentRegion = en;
			hasScannedForEncodings = 0;
			knownRegions = (
				en,
				Base,
			);
			mainGroup = 1DE6AEFB2800B503009BF0C0;
			productRefGroup = 1DE6AF052800B503009BF0C0 /* Products */;
			projectDirPath = "";
			projectRoot = "";
			targets = (
				1DE6AF032800B503009BF0C0 /* Exercício 14 */,
			);
		};
/* End PBXProject section */

/* Begin PBXResourcesBuildPhase section */
		1DE6AF022800B503009BF0C0 /* Resources */ = {
			isa = PBXResourcesBuildPhase;
			buildActionMask = 2147483647;
			files = (
				1DE6AF142800B505009BF0C0 /* LaunchScreen.storyboard in Resources */,
				1D445D4F28038ECC00F5A676 /* Safe Area in Resources */,
				1D8BE7EF28021CF600EAA101 /* API.json in Resources */,
				1DE6AF112800B505009BF0C0 /* Assets.xcassets in Resources */,
				1DE6AF0F2800B503009BF0C0 /* Main.storyboard in Resources */,
			);
			runOnlyForDeploymentPostprocessing = 0;
		};
/* End PBXResourcesBuildPhase section */

/* Begin PBXSourcesBuildPhase section */
		1DE6AF002800B503009BF0C0 /* Sources */ = {
			isa = PBXSourcesBuildPhase;
			buildActionMask = 2147483647;
			files = (
				1D445D4D2803618E00F5A676 /* LoginViewController.swift in Sources */,
				1D8BE7F128021EDC00EAA101 /* NewYorkNews.swift in Sources */,
				1DE6AF0C2800B503009BF0C0 /* MainTableViewController.swift in Sources */,
				1DE6AF082800B503009BF0C0 /* AppDelegate.swift in Sources */,
				1D8BE7F428022E5300EAA101 /* NewYorkTableViewCell.swift in Sources */,
				1DE6AF0A2800B503009BF0C0 /* SceneDelegate.swift in Sources */,
			);
			runOnlyForDeploymentPostprocessing = 0;
		};
/* End PBXSourcesBuildPhase section */

/* Begin PBXVariantGroup section */
		1DE6AF0D2800B503009BF0C0 /* Main.storyboard */ = {
			isa = PBXVariantGroup;
			children = (
				1DE6AF0E2800B503009BF0C0 /* Base */,
			);
			name = Main.storyboard;
			sourceTree = "<group>";
		};
		1DE6AF122800B505009BF0C0 /* LaunchScreen.storyboard */ = {
			isa = PBXVariantGroup;
			children = (
				1DE6AF132800B505009BF0C0 /* Base */,
			);
			name = LaunchScreen.storyboard;
			sourceTree = "<group>";
		};
/* End PBXVariantGroup section */

/* Begin XCBuildConfiguration section */
		1DE6AF162800B505009BF0C0 /* Debug */ = {
			isa = XCBuildConfiguration;
			buildSettings = {
				ALWAYS_SEARCH_USER_PATHS = NO;
				CLANG_ANALYZER_NONNULL = YES;
				CLANG_ANALYZER_NUMBER_OBJECT_CONVERSION = YES_AGGRESSIVE;
				CLANG_CXX_LANGUAGE_STANDARD = "gnu++17";
				CLANG_ENABLE_MODULES = YES;
				CLANG_ENABLE_OBJC_ARC = YES;
				CLANG_ENABLE_OBJC_WEAK = YES;
				CLANG_WARN_BLOCK_CAPTURE_AUTORELEASING = YES;
				CLANG_WARN_BOOL_CONVERSION = YES;
				CLANG_WARN_COMMA = YES;
				CLANG_WARN_CONSTANT_CONVERSION = YES;
				CLANG_WARN_DEPRECATED_OBJC_IMPLEMENTATIONS = YES;
				CLANG_WARN_DIRECT_OBJC_ISA_USAGE = YES_ERROR;
				CLANG_WARN_DOCUMENTATION_COMMENTS = YES;
				CLANG_WARN_EMPTY_BODY = YES;
				CLANG_WARN_ENUM_CONVERSION = YES;
				CLANG_WARN_INFINITE_RECURSION = YES;
				CLANG_WARN_INT_CONVERSION = YES;
				CLANG_WARN_NON_LITERAL_NULL_CONVERSION = YES;
				CLANG_WARN_OBJC_IMPLICIT_RETAIN_SELF = YES;
				CLANG_WARN_OBJC_LITERAL_CONVERSION = YES;
				CLANG_WARN_OBJC_ROOT_CLASS = YES_ERROR;
				CLANG_WARN_QUOTED_INCLUDE_IN_FRAMEWORK_HEADER = YES;
				CLANG_WARN_RANGE_LOOP_ANALYSIS = YES;
				CLANG_WARN_STRICT_PROTOTYPES = YES;
				CLANG_WARN_SUSPICIOUS_MOVE = YES;
				CLANG_WARN_UNGUARDED_AVAILABILITY = YES_AGGRESSIVE;
				CLANG_WARN_UNREACHABLE_CODE = YES;
				CLANG_WARN__DUPLICATE_METHOD_MATCH = YES;
				COPY_PHASE_STRIP = NO;
				DEBUG_INFORMATION_FORMAT = dwarf;
				ENABLE_STRICT_OBJC_MSGSEND = YES;
				ENABLE_TESTABILITY = YES;
				GCC_C_LANGUAGE_STANDARD = gnu11;
				GCC_DYNAMIC_NO_PIC = NO;
				GCC_NO_COMMON_BLOCKS = YES;
				GCC_OPTIMIZATION_LEVEL = 0;
				GCC_PREPROCESSOR_DEFINITIONS = (
					"DEBUG=1",
					"$(inherited)",
				);
				GCC_WARN_64_TO_32_BIT_CONVERSION = YES;
				GCC_WARN_ABOUT_RETURN_TYPE = YES_ERROR;
				GCC_WARN_UNDECLARED_SELECTOR = YES;
				GCC_WARN_UNINITIALIZED_AUTOS = YES_AGGRESSIVE;
				GCC_WARN_UNUSED_FUNCTION = YES;
				GCC_WARN_UNUSED_VARIABLE = YES;
				IPHONEOS_DEPLOYMENT_TARGET = 15.4;
				MTL_ENABLE_DEBUG_INFO = INCLUDE_SOURCE;
				MTL_FAST_MATH = YES;
				ONLY_ACTIVE_ARCH = YES;
				SDKROOT = iphoneos;
				SWIFT_ACTIVE_COMPILATION_CONDITIONS = DEBUG;
				SWIFT_OPTIMIZATION_LEVEL = "-Onone";
			};
			name = Debug;
		};
		1DE6AF172800B505009BF0C0 /* Release */ = {
			isa = XCBuildConfiguration;
			buildSettings = {
				ALWAYS_SEARCH_USER_PATHS = NO;
				CLANG_ANALYZER_NONNULL = YES;
				CLANG_ANALYZER_NUMBER_OBJECT_CONVERSION = YES_AGGRESSIVE;
				CLANG_CXX_LANGUAGE_STANDARD = "gnu++17";
				CLANG_ENABLE_MODULES = YES;
				CLANG_ENABLE_OBJC_ARC = YES;
				CLANG_ENABLE_OBJC_WEAK = YES;
				CLANG_WARN_BLOCK_CAPTURE_AUTORELEASING = YES;
				CLANG_WARN_BOOL_CONVERSION = YES;
				CLANG_WARN_COMMA = YES;
				CLANG_WARN_CONSTANT_CONVERSION = YES;
				CLANG_WARN_DEPRECATED_OBJC_IMPLEMENTATIONS = YES;
				CLANG_WARN_DIRECT_OBJC_ISA_USAGE = YES_ERROR;
				CLANG_WARN_DOCUMENTATION_COMMENTS = YES;
				CLANG_WARN_EMPTY_BODY = YES;
				CLANG_WARN_ENUM_CONVERSION = YES;
				CLANG_WARN_INFINITE_RECURSION = YES;
				CLANG_WARN_INT_CONVERSION = YES;
				CLANG_WARN_NON_LITERAL_NULL_CONVERSION = YES;
				CLANG_WARN_OBJC_IMPLICIT_RETAIN_SELF = YES;
				CLANG_WARN_OBJC_LITERAL_CONVERSION = YES;
				CLANG_WARN_OBJC_ROOT_CLASS = YES_ERROR;
				CLANG_WARN_QUOTED_INCLUDE_IN_FRAMEWORK_HEADER = YES;
				CLANG_WARN_RANGE_LOOP_ANALYSIS = YES;
				CLANG_WARN_STRICT_PROTOTYPES = YES;
				CLANG_WARN_SUSPICIOUS_MOVE = YES;
				CLANG_WARN_UNGUARDED_AVAILABILITY = YES_AGGRESSIVE;
				CLANG_WARN_UNREACHABLE_CODE = YES;
				CLANG_WARN__DUPLICATE_METHOD_MATCH = YES;
				COPY_PHASE_STRIP = NO;
				DEBUG_INFORMATION_FORMAT = "dwarf-with-dsym";
				ENABLE_NS_ASSERTIONS = NO;
				ENABLE_STRICT_OBJC_MSGSEND = YES;
				GCC_C_LANGUAGE_STANDARD = gnu11;
				GCC_NO_COMMON_BLOCKS = YES;
				GCC_WARN_64_TO_32_BIT_CONVERSION = YES;
				GCC_WARN_ABOUT_RETURN_TYPE = YES_ERROR;
				GCC_WARN_UNDECLARED_SELECTOR = YES;
				GCC_WARN_UNINITIALIZED_AUTOS = YES_AGGRESSIVE;
				GCC_WARN_UNUSED_FUNCTION = YES;
				GCC_WARN_UNUSED_VARIABLE = YES;
				IPHONEOS_DEPLOYMENT_TARGET = 15.4;
				MTL_ENABLE_DEBUG_INFO = NO;
				MTL_FAST_MATH = YES;
				SDKROOT = iphoneos;
				SWIFT_COMPILATION_MODE = wholemodule;
				SWIFT_OPTIMIZATION_LEVEL = "-O";
				VALIDATE_PRODUCT = YES;
			};
			name = Release;
		};
		1DE6AF192800B505009BF0C0 /* Debug */ = {
			isa = XCBuildConfiguration;
			buildSettings = {
				ASSETCATALOG_COMPILER_APPICON_NAME = AppIcon;
				ASSETCATALOG_COMPILER_GLOBAL_ACCENT_COLOR_NAME = AccentColor;
				CODE_SIGN_STYLE = Automatic;
				CURRENT_PROJECT_VERSION = 1;
				DEVELOPMENT_TEAM = VM784544P7;
				GENERATE_INFOPLIST_FILE = YES;
				INFOPLIST_FILE = "Exercício 14/Info.plist";
				INFOPLIST_KEY_UIApplicationSupportsIndirectInputEvents = YES;
				INFOPLIST_KEY_UILaunchStoryboardName = LaunchScreen;
				INFOPLIST_KEY_UIMainStoryboardFile = Main;
				INFOPLIST_KEY_UISupportedInterfaceOrientations_iPad = "UIInterfaceOrientationPortrait UIInterfaceOrientationPortraitUpsideDown UIInterfaceOrientationLandscapeLeft UIInterfaceOrientationLandscapeRight";
				INFOPLIST_KEY_UISupportedInterfaceOrientations_iPhone = "UIInterfaceOrientationPortrait UIInterfaceOrientationLandscapeLeft UIInterfaceOrientationLandscapeRight";
				LD_RUNPATH_SEARCH_PATHS = (
					"$(inherited)",
					"@executable_path/Frameworks",
				);
				MARKETING_VERSION = 1.0;
				PRODUCT_BUNDLE_IDENTIFIER = "com.henriquemarques.Exerci-cio-14";
				PRODUCT_NAME = "$(TARGET_NAME)";
				SWIFT_EMIT_LOC_STRINGS = YES;
				SWIFT_VERSION = 5.0;
				TARGETED_DEVICE_FAMILY = "1,2";
			};
			name = Debug;
		};
		1DE6AF1A2800B505009BF0C0 /* Release */ = {
			isa = XCBuildConfiguration;
			buildSettings = {
				ASSETCATALOG_COMPILER_APPICON_NAME = AppIcon;
				ASSETCATALOG_COMPILER_GLOBAL_ACCENT_COLOR_NAME = AccentColor;
				CODE_SIGN_STYLE = Automatic;
				CURRENT_PROJECT_VERSION = 1;
				DEVELOPMENT_TEAM = VM784544P7;
				GENERATE_INFOPLIST_FILE = YES;
				INFOPLIST_FILE = "Exercício 14/Info.plist";
				INFOPLIST_KEY_UIApplicationSupportsIndirectInputEvents = YES;
				INFOPLIST_KEY_UILaunchStoryboardName = LaunchScreen;
				INFOPLIST_KEY_UIMainStoryboardFile = Main;
				INFOPLIST_KEY_UISupportedInterfaceOrientations_iPad = "UIInterfaceOrientationPortrait UIInterfaceOrientationPortraitUpsideDown UIInterfaceOrientationLandscapeLeft UIInterfaceOrientationLandscapeRight";
				INFOPLIST_KEY_UISupportedInterfaceOrientations_iPhone = "UIInterfaceOrientationPortrait UIInterfaceOrientationLandscapeLeft UIInterfaceOrientationLandscapeRight";
				LD_RUNPATH_SEARCH_PATHS = (
					"$(inherited)",
					"@executable_path/Frameworks",
				);
				MARKETING_VERSION = 1.0;
				PRODUCT_BUNDLE_IDENTIFIER = "com.henriquemarques.Exerci-cio-14";
				PRODUCT_NAME = "$(TARGET_NAME)";
				SWIFT_EMIT_LOC_STRINGS = YES;
				SWIFT_VERSION = 5.0;
				TARGETED_DEVICE_FAMILY = "1,2";
			};
			name = Release;
		};
/* End XCBuildConfiguration section */

/* Begin XCConfigurationList section */
		1DE6AEFF2800B503009BF0C0 /* Build configuration list for PBXProject "Exercício 14" */ = {
			isa = XCConfigurationList;
			buildConfigurations = (
				1DE6AF162800B505009BF0C0 /* Debug */,
				1DE6AF172800B505009BF0C0 /* Release */,
			);
			defaultConfigurationIsVisible = 0;
			defaultConfigurationName = Release;
		};
		1DE6AF182800B505009BF0C0 /* Build configuration list for PBXNativeTarget "Exercício 14" */ = {
			isa = XCConfigurationList;
			buildConfigurations = (
				1DE6AF192800B505009BF0C0 /* Debug */,
				1DE6AF1A2800B505009BF0C0 /* Release */,
			);
			defaultConfigurationIsVisible = 0;
			defaultConfigurationName = Release;
		};
/* End XCConfigurationList section */
	};
	rootObject = 1DE6AEFC2800B503009BF0C0 /* Project object */;
}
